
Microsoft Visual Studio Solution File, Format Version 12.00
# Visual Studio Version 16
VisualStudioVersion = 16.0.29215.179
MinimumVisualStudioVersion = 10.0.40219.1
Project("{FAE04EC0-301F-11D3-BF4B-00C04F79EFBC}") = "Xamarin.Forms.DesignTimeData", "Xamarin.Forms.DesignTimeData\Xamarin.Forms.DesignTimeData.csproj", "{C806232C-3323-4BFE-A148-22273301F2E1}"
EndProject
Project("{FAE04EC0-301F-11D3-BF4B-00C04F79EFBC}") = "Xamarin.Forms.DesignTimeData.ConsoleApp", "Xamarin.Forms.DesignTimeData.ConsoleApp\Xamarin.Forms.DesignTimeData.ConsoleApp.csproj", "{5608587A-95A8-4873-A1B3-1FE220B802AF}"
EndProject
Global
	GlobalSection(SolutionConfigurationPlatforms) = preSolution
		Debug|Any CPU = Debug|Any CPU
		Release|Any CPU = Release|Any CPU
	EndGlobalSection
	GlobalSection(ProjectConfigurationPlatforms) = postSolution
		{C806232C-3323-4BFE-A148-22273301F2E1}.Debug|Any CPU.ActiveCfg = Debug|Any CPU
		{C806232C-3323-4BFE-A148-22273301F2E1}.Debug|Any CPU.Build.0 = Debug|Any CPU
		{C806232C-3323-4BFE-A148-22273301F2E1}.Release|Any CPU.ActiveCfg = Release|Any CPU
		{C806232C-3323-4BFE-A148-22273301F2E1}.Release|Any CPU.Build.0 = Release|Any CPU
		{5608587A-95A8-4873-A1B3-1FE220B802AF}.Debug|Any CPU.ActiveCfg = Debug|Any CPU
		{5608587A-95A8-4873-A1B3-1FE220B802AF}.Debug|Any CPU.Build.0 = Debug|Any CPU
		{5608587A-95A8-4873-A1B3-1FE220B802AF}.Release|Any CPU.ActiveCfg = Release|Any CPU
		{5608587A-95A8-4873-A1B3-1FE220B802AF}.Release|Any CPU.Build.0 = Release|Any CPU
	EndGlobalSection
	GlobalSection(SolutionProperties) = preSolution
		HideSolutionNode = FALSE
	EndGlobalSection
	GlobalSection(ExtensibilityGlobals) = postSolution
		SolutionGuid = {BDFDC1D8-2DD0-4111-B238-1790BF98021C}
	EndGlobalSection
EndGlobal
